// !$*UTF8*$!
{
	archiveVersion = 1;
	classes = {
	};
	objectVersion = 56;
	objects = {

/* Begin PBXBuildFile section */
		310D57D02C9741A700B95AF1 /* CalculatorApp.swift in Sources */ = {isa = PBXBuildFile; fileRef = 310D57CF2C9741A700B95AF1 /* CalculatorApp.swift */; };
		310D57D22C9741A700B95AF1 /* MainView.swift in Sources */ = {isa = PBXBuildFile; fileRef = 310D57D12C9741A700B95AF1 /* MainView.swift */; };
		310D57D42C9741A900B95AF1 /* Assets.xcassets in Resources */ = {isa = PBXBuildFile; fileRef = 310D57D32C9741A900B95AF1 /* Assets.xcassets */; };
		310D57D72C9741A900B95AF1 /* Preview Assets.xcassets in Resources */ = {isa = PBXBuildFile; fileRef = 310D57D62C9741A900B95AF1 /* Preview Assets.xcassets */; };
		310D57E82C97432800B95AF1 /* FoundationExtensions.swift in Sources */ = {isa = PBXBuildFile; fileRef = 310D57E72C97432700B95AF1 /* FoundationExtensions.swift */; };
		310D57EB2C97442000B95AF1 /* FontManager.swift in Sources */ = {isa = PBXBuildFile; fileRef = 310D57EA2C97442000B95AF1 /* FontManager.swift */; };
		310D57ED2C97449600B95AF1 /* Colors.swift in Sources */ = {isa = PBXBuildFile; fileRef = 310D57EC2C97449600B95AF1 /* Colors.swift */; };
		310D57F02C9745AE00B95AF1 /* BungeeLayers-Regular.otf in Resources */ = {isa = PBXBuildFile; fileRef = 310D57EE2C9745AE00B95AF1 /* BungeeLayers-Regular.otf */; };
		310D57F12C9745AE00B95AF1 /* EurostileExtendedBlack.ttf in Resources */ = {isa = PBXBuildFile; fileRef = 310D57EF2C9745AE00B95AF1 /* EurostileExtendedBlack.ttf */; };
		310D57F82C97484C00B95AF1 /* DisplayShape.swift in Sources */ = {isa = PBXBuildFile; fileRef = 310D57F72C97484C00B95AF1 /* DisplayShape.swift */; };
		310D57FA2C974B8200B95AF1 /* DisplayView.swift in Sources */ = {isa = PBXBuildFile; fileRef = 310D57F92C974B8200B95AF1 /* DisplayView.swift */; };
		310D57FC2C974BAF00B95AF1 /* MainViewModel.swift in Sources */ = {isa = PBXBuildFile; fileRef = 310D57FB2C974BAF00B95AF1 /* MainViewModel.swift */; };
		31EEEA2C2C989B5400A00FAD /* Operations.swift in Sources */ = {isa = PBXBuildFile; fileRef = 31EEEA2B2C989B5400A00FAD /* Operations.swift */; };
		31EEEA2E2C989C1700A00FAD /* DialPad.swift in Sources */ = {isa = PBXBuildFile; fileRef = 31EEEA2D2C989C1700A00FAD /* DialPad.swift */; };
		31EEEA302C989E6B00A00FAD /* CalculatorPad.swift in Sources */ = {isa = PBXBuildFile; fileRef = 31EEEA2F2C989E6B00A00FAD /* CalculatorPad.swift */; };
/* End PBXBuildFile section */

/* Begin PBXFileReference section */
		310D57CC2C9741A700B95AF1 /* Calculator.app */ = {isa = PBXFileReference; explicitFileType = wrapper.application; includeInIndex = 0; path = Calculator.app; sourceTree = BUILT_PRODUCTS_DIR; };
		310D57CF2C9741A700B95AF1 /* CalculatorApp.swift */ = {isa = PBXFileReference; lastKnownFileType = sourcecode.swift; path = CalculatorApp.swift; sourceTree = "<group>"; };
		310D57D12C9741A700B95AF1 /* MainView.swift */ = {isa = PBXFileReference; lastKnownFileType = sourcecode.swift; path = MainView.swift; sourceTree = "<group>"; };
		310D57D32C9741A900B95AF1 /* Assets.xcassets */ = {isa = PBXFileReference; lastKnownFileType = folder.assetcatalog; path = Assets.xcassets; sourceTree = "<group>"; };
		310D57D62C9741A900B95AF1 /* Preview Assets.xcassets */ = {isa = PBXFileReference; lastKnownFileType = folder.assetcatalog; path = "Preview Assets.xcassets"; sourceTree = "<group>"; };
		310D57E72C97432700B95AF1 /* FoundationExtensions.swift */ = {isa = PBXFileReference; lastKnownFileType = sourcecode.swift; path = FoundationExtensions.swift; sourceTree = "<group>"; };
		310D57EA2C97442000B95AF1 /* FontManager.swift */ = {isa = PBXFileReference; lastKnownFileType = sourcecode.swift; path = FontManager.swift; sourceTree = "<group>"; };
		310D57EC2C97449600B95AF1 /* Colors.swift */ = {isa = PBXFileReference; lastKnownFileType = sourcecode.swift; path = Colors.swift; sourceTree = "<group>"; };
		310D57EE2C9745AE00B95AF1 /* BungeeLayers-Regular.otf */ = {isa = PBXFileReference; lastKnownFileType = file; path = "BungeeLayers-Regular.otf"; sourceTree = "<group>"; };
		310D57EF2C9745AE00B95AF1 /* EurostileExtendedBlack.ttf */ = {isa = PBXFileReference; lastKnownFileType = file; path = EurostileExtendedBlack.ttf; sourceTree = "<group>"; };
		310D57F22C97467300B95AF1 /* Info.plist */ = {isa = PBXFileReference; lastKnownFileType = text.plist.xml; path = Info.plist; sourceTree = "<group>"; };
		310D57F72C97484C00B95AF1 /* DisplayShape.swift */ = {isa = PBXFileReference; lastKnownFileType = sourcecode.swift; path = DisplayShape.swift; sourceTree = "<group>"; };
		310D57F92C974B8200B95AF1 /* DisplayView.swift */ = {isa = PBXFileReference; lastKnownFileType = sourcecode.swift; path = DisplayView.swift; sourceTree = "<group>"; };
		310D57FB2C974BAF00B95AF1 /* MainViewModel.swift */ = {isa = PBXFileReference; lastKnownFileType = sourcecode.swift; path = MainViewModel.swift; sourceTree = "<group>"; };
		31EEEA2B2C989B5400A00FAD /* Operations.swift */ = {isa = PBXFileReference; lastKnownFileType = sourcecode.swift; path = Operations.swift; sourceTree = "<group>"; };
		31EEEA2D2C989C1700A00FAD /* DialPad.swift */ = {isa = PBXFileReference; lastKnownFileType = sourcecode.swift; path = DialPad.swift; sourceTree = "<group>"; };
		31EEEA2F2C989E6B00A00FAD /* CalculatorPad.swift */ = {isa = PBXFileReference; lastKnownFileType = sourcecode.swift; path = CalculatorPad.swift; sourceTree = "<group>"; };
/* End PBXFileReference section */

/* Begin PBXFrameworksBuildPhase section */
		310D57C92C9741A700B95AF1 /* Frameworks */ = {
			isa = PBXFrameworksBuildPhase;
			buildActionMask = 2147483647;
			files = (
			);
			runOnlyForDeploymentPostprocessing = 0;
		};
/* End PBXFrameworksBuildPhase section */

/* Begin PBXGroup section */
		310D57C32C9741A700B95AF1 = {
			isa = PBXGroup;
			children = (
				310D57CE2C9741A700B95AF1 /* Calculator */,
				310D57CD2C9741A700B95AF1 /* Products */,
			);
			sourceTree = "<group>";
		};
		310D57CD2C9741A700B95AF1 /* Products */ = {
			isa = PBXGroup;
			children = (
				310D57CC2C9741A700B95AF1 /* Calculator.app */,
			);
			name = Products;
			sourceTree = "<group>";
		};
		310D57CE2C9741A700B95AF1 /* Calculator */ = {
			isa = PBXGroup;
			children = (
				310D57DD2C97420300B95AF1 /* iOS */,
			);
			path = Calculator;
			sourceTree = "<group>";
		};
		310D57D52C9741A900B95AF1 /* Preview Content */ = {
			isa = PBXGroup;
			children = (
				310D57D62C9741A900B95AF1 /* Preview Assets.xcassets */,
			);
			path = "Preview Content";
			sourceTree = "<group>";
		};
		310D57DD2C97420300B95AF1 /* iOS */ = {
			isa = PBXGroup;
			children = (
				310D57E02C97427900B95AF1 /* Code */,
				310D57DE2C97424000B95AF1 /* Resources */,
			);
			path = iOS;
			sourceTree = "<group>";
		};
		310D57DE2C97424000B95AF1 /* Resources */ = {
			isa = PBXGroup;
			children = (
				310D57F22C97467300B95AF1 /* Info.plist */,
				310D57DF2C97425F00B95AF1 /* Fonts */,
				310D57D32C9741A900B95AF1 /* Assets.xcassets */,
				310D57D52C9741A900B95AF1 /* Preview Content */,
			);
			path = Resources;
			sourceTree = "<group>";
		};
		310D57DF2C97425F00B95AF1 /* Fonts */ = {
			isa = PBXGroup;
			children = (
				310D57EE2C9745AE00B95AF1 /* BungeeLayers-Regular.otf */,
				310D57EF2C9745AE00B95AF1 /* EurostileExtendedBlack.ttf */,
			);
			path = Fonts;
			sourceTree = "<group>";
		};
		310D57E02C97427900B95AF1 /* Code */ = {
			isa = PBXGroup;
			children = (
				310D57E12C97428300B95AF1 /* Common */,
			);
			path = Code;
			sourceTree = "<group>";
		};
		310D57E12C97428300B95AF1 /* Common */ = {
			isa = PBXGroup;
			children = (
				310D57E22C97429D00B95AF1 /* Controllers */,
				310D57E62C9742FD00B95AF1 /* Extensions */,
				310D57E92C9743EB00B95AF1 /* Utils */,
				310D57E32C9742AC00B95AF1 /* Features */,
			);
			path = Common;
			sourceTree = "<group>";
		};
		310D57E22C97429D00B95AF1 /* Controllers */ = {
			isa = PBXGroup;
			children = (
				310D57CF2C9741A700B95AF1 /* CalculatorApp.swift */,
			);
			path = Controllers;
			sourceTree = "<group>";
		};
		310D57E32C9742AC00B95AF1 /* Features */ = {
			isa = PBXGroup;
			children = (
				310D57E42C9742BA00B95AF1 /* Main */,
			);
			path = Features;
			sourceTree = "<group>";
		};
		310D57E42C9742BA00B95AF1 /* Main */ = {
			isa = PBXGroup;
			children = (
				310D57F32C9747D300B95AF1 /* Models */,
				310D57F42C9747E000B95AF1 /* ViewModels */,
				310D57E52C9742E000B95AF1 /* Views */,
			);
			path = Main;
			sourceTree = "<group>";
		};
		310D57E52C9742E000B95AF1 /* Views */ = {
			isa = PBXGroup;
			children = (
				310D57F62C97481B00B95AF1 /* Support Views */,
				310D57F52C9747FE00B95AF1 /* Support Shapes */,
				310D57D12C9741A700B95AF1 /* MainView.swift */,
			);
			path = Views;
			sourceTree = "<group>";
		};
		310D57E62C9742FD00B95AF1 /* Extensions */ = {
			isa = PBXGroup;
			children = (
				310D57E72C97432700B95AF1 /* FoundationExtensions.swift */,
			);
			path = Extensions;
			sourceTree = "<group>";
		};
		310D57E92C9743EB00B95AF1 /* Utils */ = {
			isa = PBXGroup;
			children = (
				310D57EA2C97442000B95AF1 /* FontManager.swift */,
				310D57EC2C97449600B95AF1 /* Colors.swift */,
			);
			path = Utils;
			sourceTree = "<group>";
		};
		310D57F32C9747D300B95AF1 /* Models */ = {
			isa = PBXGroup;
			children = (
				31EEEA2B2C989B5400A00FAD /* Operations.swift */,
				31EEEA2D2C989C1700A00FAD /* DialPad.swift */,
			);
			path = Models;
			sourceTree = "<group>";
		};
		310D57F42C9747E000B95AF1 /* ViewModels */ = {
			isa = PBXGroup;
			children = (
				310D57FB2C974BAF00B95AF1 /* MainViewModel.swift */,
			);
			path = ViewModels;
			sourceTree = "<group>";
		};
		310D57F52C9747FE00B95AF1 /* Support Shapes */ = {
			isa = PBXGroup;
			children = (
				310D57F72C97484C00B95AF1 /* DisplayShape.swift */,
				31EEEA2F2C989E6B00A00FAD /* CalculatorPad.swift */,
			);
			path = "Support Shapes";
			sourceTree = "<group>";
		};
		310D57F62C97481B00B95AF1 /* Support Views */ = {
			isa = PBXGroup;
			children = (
				310D57F92C974B8200B95AF1 /* DisplayView.swift */,
			);
			path = "Support Views";
			sourceTree = "<group>";
		};
/* End PBXGroup section */

/* Begin PBXNativeTarget section */
		310D57CB2C9741A700B95AF1 /* Calculator */ = {
			isa = PBXNativeTarget;
			buildConfigurationList = 310D57DA2C9741A900B95AF1 /* Build configuration list for PBXNativeTarget "Calculator" */;
			buildPhases = (
				310D57C82C9741A700B95AF1 /* Sources */,
				310D57C92C9741A700B95AF1 /* Frameworks */,
				310D57CA2C9741A700B95AF1 /* Resources */,
			);
			buildRules = (
			);
			dependencies = (
			);
			name = Calculator;
			productName = Calculator;
			productReference = 310D57CC2C9741A700B95AF1 /* Calculator.app */;
			productType = "com.apple.product-type.application";
		};
/* End PBXNativeTarget section */

/* Begin PBXProject section */
		310D57C42C9741A700B95AF1 /* Project object */ = {
			isa = PBXProject;
			attributes = {
				BuildIndependentTargetsInParallel = 1;
				LastSwiftUpdateCheck = 1540;
				LastUpgradeCheck = 1540;
				TargetAttributes = {
					310D57CB2C9741A700B95AF1 = {
						CreatedOnToolsVersion = 15.4;
					};
				};
			};
			buildConfigurationList = 310D57C72C9741A700B95AF1 /* Build configuration list for PBXProject "Calculator" */;
			compatibilityVersion = "Xcode 14.0";
			developmentRegion = en;
			hasScannedForEncodings = 0;
			knownRegions = (
				en,
				Base,
			);
			mainGroup = 310D57C32C9741A700B95AF1;
			productRefGroup = 310D57CD2C9741A700B95AF1 /* Products */;
			projectDirPath = "";
			projectRoot = "";
			targets = (
				310D57CB2C9741A700B95AF1 /* Calculator */,
			);
		};
/* End PBXProject section */

/* Begin PBXResourcesBuildPhase section */
		310D57CA2C9741A700B95AF1 /* Resources */ = {
			isa = PBXResourcesBuildPhase;
			buildActionMask = 2147483647;
			files = (
				310D57F12C9745AE00B95AF1 /* EurostileExtendedBlack.ttf in Resources */,
				310D57F02C9745AE00B95AF1 /* BungeeLayers-Regular.otf in Resources */,
				310D57D72C9741A900B95AF1 /* Preview Assets.xcassets in Resources */,
				310D57D42C9741A900B95AF1 /* Assets.xcassets in Resources */,
			);
			runOnlyForDeploymentPostprocessing = 0;
		};
/* End PBXResourcesBuildPhase section */

/* Begin PBXSourcesBuildPhase section */
		310D57C82C9741A700B95AF1 /* Sources */ = {
			isa = PBXSourcesBuildPhase;
			buildActionMask = 2147483647;
			files = (
				31EEEA2C2C989B5400A00FAD /* Operations.swift in Sources */,
				310D57F82C97484C00B95AF1 /* DisplayShape.swift in Sources */,
				31EEEA302C989E6B00A00FAD /* CalculatorPad.swift in Sources */,
				310D57FA2C974B8200B95AF1 /* DisplayView.swift in Sources */,
				310D57D22C9741A700B95AF1 /* MainView.swift in Sources */,
				310D57ED2C97449600B95AF1 /* Colors.swift in Sources */,
				310D57D02C9741A700B95AF1 /* CalculatorApp.swift in Sources */,
				310D57EB2C97442000B95AF1 /* FontManager.swift in Sources */,
				310D57FC2C974BAF00B95AF1 /* MainViewModel.swift in Sources */,
				310D57E82C97432800B95AF1 /* FoundationExtensions.swift in Sources */,
				31EEEA2E2C989C1700A00FAD /* DialPad.swift in Sources */,
			);
			runOnlyForDeploymentPostprocessing = 0;
		};
/* End PBXSourcesBuildPhase section */

/* Begin XCBuildConfiguration section */
		310D57D82C9741A900B95AF1 /* Debug */ = {
			isa = XCBuildConfiguration;
			buildSettings = {
				ALWAYS_SEARCH_USER_PATHS = NO;
				ASSETCATALOG_COMPILER_GENERATE_SWIFT_ASSET_SYMBOL_EXTENSIONS = YES;
				CLANG_ANALYZER_NONNULL = YES;
				CLANG_ANALYZER_NUMBER_OBJECT_CONVERSION = YES_AGGRESSIVE;
				CLANG_CXX_LANGUAGE_STANDARD = "gnu++20";
				CLANG_ENABLE_MODULES = YES;
				CLANG_ENABLE_OBJC_ARC = YES;
				CLANG_ENABLE_OBJC_WEAK = YES;
				CLANG_WARN_BLOCK_CAPTURE_AUTORELEASING = YES;
				CLANG_WARN_BOOL_CONVERSION = YES;
				CLANG_WARN_COMMA = YES;
				CLANG_WARN_CONSTANT_CONVERSION = YES;
				CLANG_WARN_DEPRECATED_OBJC_IMPLEMENTATIONS = YES;
				CLANG_WARN_DIRECT_OBJC_ISA_USAGE = YES_ERROR;
				CLANG_WARN_DOCUMENTATION_COMMENTS = YES;
				CLANG_WARN_EMPTY_BODY = YES;
				CLANG_WARN_ENUM_CONVERSION = YES;
				CLANG_WARN_INFINITE_RECURSION = YES;
				CLANG_WARN_INT_CONVERSION = YES;
				CLANG_WARN_NON_LITERAL_NULL_CONVERSION = YES;
				CLANG_WARN_OBJC_IMPLICIT_RETAIN_SELF = YES;
				CLANG_WARN_OBJC_LITERAL_CONVERSION = YES;
				CLANG_WARN_OBJC_ROOT_CLASS = YES_ERROR;
				CLANG_WARN_QUOTED_INCLUDE_IN_FRAMEWORK_HEADER = YES;
				CLANG_WARN_RANGE_LOOP_ANALYSIS = YES;
				CLANG_WARN_STRICT_PROTOTYPES = YES;
				CLANG_WARN_SUSPICIOUS_MOVE = YES;
				CLANG_WARN_UNGUARDED_AVAILABILITY = YES_AGGRESSIVE;
				CLANG_WARN_UNREACHABLE_CODE = YES;
				CLANG_WARN__DUPLICATE_METHOD_MATCH = YES;
				COPY_PHASE_STRIP = NO;
				DEBUG_INFORMATION_FORMAT = dwarf;
				ENABLE_STRICT_OBJC_MSGSEND = YES;
				ENABLE_TESTABILITY = YES;
				ENABLE_USER_SCRIPT_SANDBOXING = YES;
				GCC_C_LANGUAGE_STANDARD = gnu17;
				GCC_DYNAMIC_NO_PIC = NO;
				GCC_NO_COMMON_BLOCKS = YES;
				GCC_OPTIMIZATION_LEVEL = 0;
				GCC_PREPROCESSOR_DEFINITIONS = (
					"DEBUG=1",
					"$(inherited)",
				);
				GCC_WARN_64_TO_32_BIT_CONVERSION = YES;
				GCC_WARN_ABOUT_RETURN_TYPE = YES_ERROR;
				GCC_WARN_UNDECLARED_SELECTOR = YES;
				GCC_WARN_UNINITIALIZED_AUTOS = YES_AGGRESSIVE;
				GCC_WARN_UNUSED_FUNCTION = YES;
				GCC_WARN_UNUSED_VARIABLE = YES;
				IPHONEOS_DEPLOYMENT_TARGET = 17.5;
				LOCALIZATION_PREFERS_STRING_CATALOGS = YES;
				MTL_ENABLE_DEBUG_INFO = INCLUDE_SOURCE;
				MTL_FAST_MATH = YES;
				ONLY_ACTIVE_ARCH = YES;
				SDKROOT = iphoneos;
				SWIFT_ACTIVE_COMPILATION_CONDITIONS = "DEBUG $(inherited)";
				SWIFT_OPTIMIZATION_LEVEL = "-Onone";
			};
			name = Debug;
		};
		310D57D92C9741A900B95AF1 /* Release */ = {
			isa = XCBuildConfiguration;
			buildSettings = {
				ALWAYS_SEARCH_USER_PATHS = NO;
				ASSETCATALOG_COMPILER_GENERATE_SWIFT_ASSET_SYMBOL_EXTENSIONS = YES;
				CLANG_ANALYZER_NONNULL = YES;
				CLANG_ANALYZER_NUMBER_OBJECT_CONVERSION = YES_AGGRESSIVE;
				CLANG_CXX_LANGUAGE_STANDARD = "gnu++20";
				CLANG_ENABLE_MODULES = YES;
				CLANG_ENABLE_OBJC_ARC = YES;
				CLANG_ENABLE_OBJC_WEAK = YES;
				CLANG_WARN_BLOCK_CAPTURE_AUTORELEASING = YES;
				CLANG_WARN_BOOL_CONVERSION = YES;
				CLANG_WARN_COMMA = YES;
				CLANG_WARN_CONSTANT_CONVERSION = YES;
				CLANG_WARN_DEPRECATED_OBJC_IMPLEMENTATIONS = YES;
				CLANG_WARN_DIRECT_OBJC_ISA_USAGE = YES_ERROR;
				CLANG_WARN_DOCUMENTATION_COMMENTS = YES;
				CLANG_WARN_EMPTY_BODY = YES;
				CLANG_WARN_ENUM_CONVERSION = YES;
				CLANG_WARN_INFINITE_RECURSION = YES;
				CLANG_WARN_INT_CONVERSION = YES;
				CLANG_WARN_NON_LITERAL_NULL_CONVERSION = YES;
				CLANG_WARN_OBJC_IMPLICIT_RETAIN_SELF = YES;
				CLANG_WARN_OBJC_LITERAL_CONVERSION = YES;
				CLANG_WARN_OBJC_ROOT_CLASS = YES_ERROR;
				CLANG_WARN_QUOTED_INCLUDE_IN_FRAMEWORK_HEADER = YES;
				CLANG_WARN_RANGE_LOOP_ANALYSIS = YES;
				CLANG_WARN_STRICT_PROTOTYPES = YES;
				CLANG_WARN_SUSPICIOUS_MOVE = YES;
				CLANG_WARN_UNGUARDED_AVAILABILITY = YES_AGGRESSIVE;
				CLANG_WARN_UNREACHABLE_CODE = YES;
				CLANG_WARN__DUPLICATE_METHOD_MATCH = YES;
				COPY_PHASE_STRIP = NO;
				DEBUG_INFORMATION_FORMAT = "dwarf-with-dsym";
				ENABLE_NS_ASSERTIONS = NO;
				ENABLE_STRICT_OBJC_MSGSEND = YES;
				ENABLE_USER_SCRIPT_SANDBOXING = YES;
				GCC_C_LANGUAGE_STANDARD = gnu17;
				GCC_NO_COMMON_BLOCKS = YES;
				GCC_WARN_64_TO_32_BIT_CONVERSION = YES;
				GCC_WARN_ABOUT_RETURN_TYPE = YES_ERROR;
				GCC_WARN_UNDECLARED_SELECTOR = YES;
				GCC_WARN_UNINITIALIZED_AUTOS = YES_AGGRESSIVE;
				GCC_WARN_UNUSED_FUNCTION = YES;
				GCC_WARN_UNUSED_VARIABLE = YES;
				IPHONEOS_DEPLOYMENT_TARGET = 17.5;
				LOCALIZATION_PREFERS_STRING_CATALOGS = YES;
				MTL_ENABLE_DEBUG_INFO = NO;
				MTL_FAST_MATH = YES;
				SDKROOT = iphoneos;
				SWIFT_COMPILATION_MODE = wholemodule;
				VALIDATE_PRODUCT = YES;
			};
			name = Release;
		};
		310D57DB2C9741A900B95AF1 /* Debug */ = {
			isa = XCBuildConfiguration;
			buildSettings = {
				ASSETCATALOG_COMPILER_APPICON_NAME = AppIcon;
				ASSETCATALOG_COMPILER_GLOBAL_ACCENT_COLOR_NAME = AccentColor;
				CODE_SIGN_STYLE = Automatic;
				CURRENT_PROJECT_VERSION = 1;
				DEVELOPMENT_ASSET_PATHS = "\"Calculator/iOS/Resources/Preview Content\"";
				ENABLE_PREVIEWS = YES;
				GENERATE_INFOPLIST_FILE = YES;
				INFOPLIST_FILE = Calculator/iOS/Resources/Info.plist;
				INFOPLIST_KEY_UIApplicationSceneManifest_Generation = YES;
				INFOPLIST_KEY_UIApplicationSupportsIndirectInputEvents = YES;
				INFOPLIST_KEY_UILaunchScreen_Generation = YES;
				INFOPLIST_KEY_UISupportedInterfaceOrientations_iPad = "UIInterfaceOrientationPortrait UIInterfaceOrientationPortraitUpsideDown UIInterfaceOrientationLandscapeLeft UIInterfaceOrientationLandscapeRight";
				INFOPLIST_KEY_UISupportedInterfaceOrientations_iPhone = "UIInterfaceOrientationPortrait UIInterfaceOrientationLandscapeLeft UIInterfaceOrientationLandscapeRight";
				LD_RUNPATH_SEARCH_PATHS = (
					"$(inherited)",
					"@executable_path/Frameworks",
				);
				MARKETING_VERSION = 1.0;
				PRODUCT_BUNDLE_IDENTIFIER = com.saurabh.Calculator;
				PRODUCT_NAME = "$(TARGET_NAME)";
				SWIFT_EMIT_LOC_STRINGS = YES;
				SWIFT_VERSION = 5.0;
				TARGETED_DEVICE_FAMILY = "1,2";
			};
			name = Debug;
		};
		310D57DC2C9741A900B95AF1 /* Release */ = {
			isa = XCBuildConfiguration;
			buildSettings = {
				ASSETCATALOG_COMPILER_APPICON_NAME = AppIcon;
				ASSETCATALOG_COMPILER_GLOBAL_ACCENT_COLOR_NAME = AccentColor;
				CODE_SIGN_STYLE = Automatic;
				CURRENT_PROJECT_VERSION = 1;
				DEVELOPMENT_ASSET_PATHS = "\"Calculator/iOS/Resources/Preview Content\"";
				ENABLE_PREVIEWS = YES;
				GENERATE_INFOPLIST_FILE = YES;
				INFOPLIST_FILE = Calculator/iOS/Resources/Info.plist;
				INFOPLIST_KEY_UIApplicationSceneManifest_Generation = YES;
				INFOPLIST_KEY_UIApplicationSupportsIndirectInputEvents = YES;
				INFOPLIST_KEY_UILaunchScreen_Generation = YES;
				INFOPLIST_KEY_UISupportedInterfaceOrientations_iPad = "UIInterfaceOrientationPortrait UIInterfaceOrientationPortraitUpsideDown UIInterfaceOrientationLandscapeLeft UIInterfaceOrientationLandscapeRight";
				INFOPLIST_KEY_UISupportedInterfaceOrientations_iPhone = "UIInterfaceOrientationPortrait UIInterfaceOrientationLandscapeLeft UIInterfaceOrientationLandscapeRight";
				LD_RUNPATH_SEARCH_PATHS = (
					"$(inherited)",
					"@executable_path/Frameworks",
				);
				MARKETING_VERSION = 1.0;
				PRODUCT_BUNDLE_IDENTIFIER = com.saurabh.Calculator;
				PRODUCT_NAME = "$(TARGET_NAME)";
				SWIFT_EMIT_LOC_STRINGS = YES;
				SWIFT_VERSION = 5.0;
				TARGETED_DEVICE_FAMILY = "1,2";
			};
			name = Release;
		};
/* End XCBuildConfiguration section */

/* Begin XCConfigurationList section */
		310D57C72C9741A700B95AF1 /* Build configuration list for PBXProject "Calculator" */ = {
			isa = XCConfigurationList;
			buildConfigurations = (
				310D57D82C9741A900B95AF1 /* Debug */,
				310D57D92C9741A900B95AF1 /* Release */,
			);
			defaultConfigurationIsVisible = 0;
			defaultConfigurationName = Release;
		};
		310D57DA2C9741A900B95AF1 /* Build configuration list for PBXNativeTarget "Calculator" */ = {
			isa = XCConfigurationList;
			buildConfigurations = (
				310D57DB2C9741A900B95AF1 /* Debug */,
				310D57DC2C9741A900B95AF1 /* Release */,
			);
			defaultConfigurationIsVisible = 0;
			defaultConfigurationName = Release;
		};
/* End XCConfigurationList section */
	};
	rootObject = 310D57C42C9741A700B95AF1 /* Project object */;
}
